
Microsoft Visual Studio Solution File, Format Version 12.00
# Visual Studio Version 16
VisualStudioVersion = 16.0.29728.190
MinimumVisualStudioVersion = 10.0.40219.1
Project("{FAE04EC0-301F-11D3-BF4B-00C04F79EFBC}") = "ATNP.nCov.WebApi", "ATNP.nCov.WebApi\ATNP.nCov.WebApi.csproj", "{EAE726B4-1CAB-47B4-ABF5-3F994B6A8F74}"
EndProject
Global
	GlobalSection(SolutionConfigurationPlatforms) = preSolution
		Debug|Any CPU = Debug|Any CPU
		Release|Any CPU = Release|Any CPU
	EndGlobalSection
	GlobalSection(ProjectConfigurationPlatforms) = postSolution
		{EAE726B4-1CAB-47B4-ABF5-3F994B6A8F74}.Debug|Any CPU.ActiveCfg = Debug|Any CPU
		{EAE726B4-1CAB-47B4-ABF5-3F994B6A8F74}.Debug|Any CPU.Build.0 = Debug|Any CPU
		{EAE726B4-1CAB-47B4-ABF5-3F994B6A8F74}.Release|Any CPU.ActiveCfg = Release|Any CPU
		{EAE726B4-1CAB-47B4-ABF5-3F994B6A8F74}.Release|Any CPU.Build.0 = Release|Any CPU
	EndGlobalSection
	GlobalSection(SolutionProperties) = preSolution
		HideSolutionNode = FALSE
	EndGlobalSection
	GlobalSection(ExtensibilityGlobals) = postSolution
		SolutionGuid = {5332D219-5AC9-4253-9E88-0646B0FD974A}
	EndGlobalSection
EndGlobal
